dependencies:
- name: preinstall
  repository: file://charts/preinstall
  version: 0.1.0
- name: minio
  repository: file://charts/minio
  version: 17.0.21
- name: verticadb-operator
  repository: file://charts/verticadb-operator
  version: 25.3.0-0
- name: metabase
  repository: file://charts/metabase
  version: 0.1.0
digest: sha256:961b2d0d80fbe0210a8e429a15facc261420163adb93e9ec6e4c80aafdef13ee
generated: "2025-08-26T17:56:23.026785827-04:00"
